
Microsoft Visual Studio Solution File, Format Version 12.00
# Visual Studio Version 17
VisualStudioVersion = 17.0.31919.166
MinimumVisualStudioVersion = 10.0.40219.1
Project("{FAE04EC0-301F-11D3-BF4B-00C04F79EFBC}") = "LinQTutorial2", "LinQTutorial2\LinQTutorial2.csproj", "{47BBC608-98D7-4364-969A-26B347FA05FB}"
EndProject
Global
	GlobalSection(SolutionConfigurationPlatforms) = preSolution
		Debug|Any CPU = Debug|Any CPU
		Release|Any CPU = Release|Any CPU
	EndGlobalSection
	GlobalSection(ProjectConfigurationPlatforms) = postSolution
		{47BBC608-98D7-4364-969A-26B347FA05FB}.Debug|Any CPU.ActiveCfg = Debug|Any CPU
		{47BBC608-98D7-4364-969A-26B347FA05FB}.Debug|Any CPU.Build.0 = Debug|Any CPU
		{47BBC608-98D7-4364-969A-26B347FA05FB}.Release|Any CPU.ActiveCfg = Release|Any CPU
		{47BBC608-98D7-4364-969A-26B347FA05FB}.Release|Any CPU.Build.0 = Release|Any CPU
	EndGlobalSection
	GlobalSection(SolutionProperties) = preSolution
		HideSolutionNode = FALSE
	EndGlobalSection
	GlobalSection(ExtensibilityGlobals) = postSolution
		SolutionGuid = {D4B96746-1C5B-404B-84FB-ECA8AAFA919C}
	EndGlobalSection
EndGlobal
